
Microsoft Visual Studio Solution File, Format Version 12.00
# Visual Studio Version 16
VisualStudioVersion = 16.0.31004.235
MinimumVisualStudioVersion = 10.0.40219.1
Project("{9A19103F-16F7-4668-BE54-9A1E7A4F7556}") = "Crx.vNext.API", "Crx.vNext.API\Crx.vNext.API.csproj", "{ACAA3670-8963-4C18-A754-E7D4DD4F3259}"
EndProject
Project("{9A19103F-16F7-4668-BE54-9A1E7A4F7556}") = "Crx.vNext.Model", "Crx.vNext.Model\Crx.vNext.Model.csproj", "{B1169526-A668-4892-A5F1-58043B4018B4}"
EndProject
Project("{9A19103F-16F7-4668-BE54-9A1E7A4F7556}") = "Crx.vNext.IRepository", "Crx.vNext.IRepository\Crx.vNext.IRepository.csproj", "{9B9099B4-EA91-485B-845F-2AD1D3215F1D}"
EndProject
Project("{9A19103F-16F7-4668-BE54-9A1E7A4F7556}") = "Crx.vNext.Repository", "Crx.vNext.Repository\Crx.vNext.Repository.csproj", "{0B1E78E6-4E8F-4BBB-844B-A8DC2983E9A8}"
EndProject
Project("{9A19103F-16F7-4668-BE54-9A1E7A4F7556}") = "Crx.vNext.IService", "Crx.vNext.IService\Crx.vNext.IService.csproj", "{09895182-184C-479A-92CB-F098D9DFBE89}"
EndProject
Project("{9A19103F-16F7-4668-BE54-9A1E7A4F7556}") = "Crx.vNext.Service", "Crx.vNext.Service\Crx.vNext.Service.csproj", "{D988ADAA-593D-4ABE-B97A-47A5139A2E3D}"
EndProject
Project("{2150E333-8FDC-42A3-9474-1A3956D46DE8}") = "0.Base", "0.Base", "{70905945-E3CA-45D3-9F4D-DA4870D6444C}"
	ProjectSection(SolutionItems) = preProject
		README.md = README.md
	EndProjectSection
EndProject
Project("{2150E333-8FDC-42A3-9474-1A3956D46DE8}") = "1.Model", "1.Model", "{2D29F544-6611-46DF-9A52-92F058903BEE}"
EndProject
Project("{2150E333-8FDC-42A3-9474-1A3956D46DE8}") = "2.Repository", "2.Repository", "{5D639F68-0C2D-415A-9691-40FA97CFEEF5}"
EndProject
Project("{2150E333-8FDC-42A3-9474-1A3956D46DE8}") = "3.Service", "3.Service", "{50CB6059-7782-42A7-A0AB-F0CFF84ED2AE}"
EndProject
Project("{9A19103F-16F7-4668-BE54-9A1E7A4F7556}") = "Crx.vNext.Common", "Crx.vNext.Common\Crx.vNext.Common.csproj", "{CF77C791-77F4-45AF-A291-3946448CDA67}"
EndProject
Project("{2150E333-8FDC-42A3-9474-1A3956D46DE8}") = "4.Framework", "4.Framework", "{59D5A9FE-702C-4A55-A334-6A7172ED8944}"
EndProject
Project("{9A19103F-16F7-4668-BE54-9A1E7A4F7556}") = "Crx.vNext.Framework", "Crx.vNext.Framework\Crx.vNext.Framework.csproj", "{68C2766F-6847-4A4F-86ED-ED8385EA3FF4}"
EndProject
Project("{9A19103F-16F7-4668-BE54-9A1E7A4F7556}") = "Crx.vNext.Gateway", "Crx.vNext.Gateway\Crx.vNext.Gateway.csproj", "{BCC112C4-92B4-4301-A678-642FF33342AE}"
EndProject
Project("{9A19103F-16F7-4668-BE54-9A1E7A4F7556}") = "Crx.vNext.Authentication", "Crx.vNext.Authentication\Crx.vNext.Authentication.csproj", "{011FE058-AA94-4D84-BDE5-BFC0F417ACF4}"
EndProject
Project("{9A19103F-16F7-4668-BE54-9A1E7A4F7556}") = "ConsoleToken", "ConsoleToken\ConsoleToken.csproj", "{EC2B8947-5259-4277-A33F-F89880913D68}"
EndProject
Global
	GlobalSection(SolutionConfigurationPlatforms) = preSolution
		Debug|Any CPU = Debug|Any CPU
		Release|Any CPU = Release|Any CPU
	EndGlobalSection
	GlobalSection(ProjectConfigurationPlatforms) = postSolution
		{ACAA3670-8963-4C18-A754-E7D4DD4F3259}.Debug|Any CPU.ActiveCfg = Debug|Any CPU
		{ACAA3670-8963-4C18-A754-E7D4DD4F3259}.Debug|Any CPU.Build.0 = Debug|Any CPU
		{ACAA3670-8963-4C18-A754-E7D4DD4F3259}.Release|Any CPU.ActiveCfg = Release|Any CPU
		{ACAA3670-8963-4C18-A754-E7D4DD4F3259}.Release|Any CPU.Build.0 = Release|Any CPU
		{B1169526-A668-4892-A5F1-58043B4018B4}.Debug|Any CPU.ActiveCfg = Debug|Any CPU
		{B1169526-A668-4892-A5F1-58043B4018B4}.Debug|Any CPU.Build.0 = Debug|Any CPU
		{B1169526-A668-4892-A5F1-58043B4018B4}.Release|Any CPU.ActiveCfg = Release|Any CPU
		{B1169526-A668-4892-A5F1-58043B4018B4}.Release|Any CPU.Build.0 = Release|Any CPU
		{9B9099B4-EA91-485B-845F-2AD1D3215F1D}.Debug|Any CPU.ActiveCfg = Debug|Any CPU
		{9B9099B4-EA91-485B-845F-2AD1D3215F1D}.Debug|Any CPU.Build.0 = Debug|Any CPU
		{9B9099B4-EA91-485B-845F-2AD1D3215F1D}.Release|Any CPU.ActiveCfg = Release|Any CPU
		{9B9099B4-EA91-485B-845F-2AD1D3215F1D}.Release|Any CPU.Build.0 = Release|Any CPU
		{0B1E78E6-4E8F-4BBB-844B-A8DC2983E9A8}.Debug|Any CPU.ActiveCfg = Debug|Any CPU
		{0B1E78E6-4E8F-4BBB-844B-A8DC2983E9A8}.Debug|Any CPU.Build.0 = Debug|Any CPU
		{0B1E78E6-4E8F-4BBB-844B-A8DC2983E9A8}.Release|Any CPU.ActiveCfg = Release|Any CPU
		{0B1E78E6-4E8F-4BBB-844B-A8DC2983E9A8}.Release|Any CPU.Build.0 = Release|Any CPU
		{09895182-184C-479A-92CB-F098D9DFBE89}.Debug|Any CPU.ActiveCfg = Debug|Any CPU
		{09895182-184C-479A-92CB-F098D9DFBE89}.Debug|Any CPU.Build.0 = Debug|Any CPU
		{09895182-184C-479A-92CB-F098D9DFBE89}.Release|Any CPU.ActiveCfg = Release|Any CPU
		{09895182-184C-479A-92CB-F098D9DFBE89}.Release|Any CPU.Build.0 = Release|Any CPU
		{D988ADAA-593D-4ABE-B97A-47A5139A2E3D}.Debug|Any CPU.ActiveCfg = Debug|Any CPU
		{D988ADAA-593D-4ABE-B97A-47A5139A2E3D}.Debug|Any CPU.Build.0 = Debug|Any CPU
		{D988ADAA-593D-4ABE-B97A-47A5139A2E3D}.Release|Any CPU.ActiveCfg = Release|Any CPU
		{D988ADAA-593D-4ABE-B97A-47A5139A2E3D}.Release|Any CPU.Build.0 = Release|Any CPU
		{CF77C791-77F4-45AF-A291-3946448CDA67}.Debug|Any CPU.ActiveCfg = Debug|Any CPU
		{CF77C791-77F4-45AF-A291-3946448CDA67}.Debug|Any CPU.Build.0 = Debug|Any CPU
		{CF77C791-77F4-45AF-A291-3946448CDA67}.Release|Any CPU.ActiveCfg = Release|Any CPU
		{CF77C791-77F4-45AF-A291-3946448CDA67}.Release|Any CPU.Build.0 = Release|Any CPU
		{68C2766F-6847-4A4F-86ED-ED8385EA3FF4}.Debug|Any CPU.ActiveCfg = Debug|Any CPU
		{68C2766F-6847-4A4F-86ED-ED8385EA3FF4}.Debug|Any CPU.Build.0 = Debug|Any CPU
		{68C2766F-6847-4A4F-86ED-ED8385EA3FF4}.Release|Any CPU.ActiveCfg = Release|Any CPU
		{68C2766F-6847-4A4F-86ED-ED8385EA3FF4}.Release|Any CPU.Build.0 = Release|Any CPU
		{BCC112C4-92B4-4301-A678-642FF33342AE}.Debug|Any CPU.ActiveCfg = Debug|Any CPU
		{BCC112C4-92B4-4301-A678-642FF33342AE}.Debug|Any CPU.Build.0 = Debug|Any CPU
		{BCC112C4-92B4-4301-A678-642FF33342AE}.Release|Any CPU.ActiveCfg = Release|Any CPU
		{BCC112C4-92B4-4301-A678-642FF33342AE}.Release|Any CPU.Build.0 = Release|Any CPU
		{011FE058-AA94-4D84-BDE5-BFC0F417ACF4}.Debug|Any CPU.ActiveCfg = Debug|Any CPU
		{011FE058-AA94-4D84-BDE5-BFC0F417ACF4}.Debug|Any CPU.Build.0 = Debug|Any CPU
		{011FE058-AA94-4D84-BDE5-BFC0F417ACF4}.Release|Any CPU.ActiveCfg = Release|Any CPU
		{011FE058-AA94-4D84-BDE5-BFC0F417ACF4}.Release|Any CPU.Build.0 = Release|Any CPU
		{EC2B8947-5259-4277-A33F-F89880913D68}.Debug|Any CPU.ActiveCfg = Debug|Any CPU
		{EC2B8947-5259-4277-A33F-F89880913D68}.Debug|Any CPU.Build.0 = Debug|Any CPU
		{EC2B8947-5259-4277-A33F-F89880913D68}.Release|Any CPU.ActiveCfg = Release|Any CPU
		{EC2B8947-5259-4277-A33F-F89880913D68}.Release|Any CPU.Build.0 = Release|Any CPU
	EndGlobalSection
	GlobalSection(SolutionProperties) = preSolution
		HideSolutionNode = FALSE
	EndGlobalSection
	GlobalSection(NestedProjects) = preSolution
		{B1169526-A668-4892-A5F1-58043B4018B4} = {2D29F544-6611-46DF-9A52-92F058903BEE}
		{9B9099B4-EA91-485B-845F-2AD1D3215F1D} = {5D639F68-0C2D-415A-9691-40FA97CFEEF5}
		{0B1E78E6-4E8F-4BBB-844B-A8DC2983E9A8} = {5D639F68-0C2D-415A-9691-40FA97CFEEF5}
		{09895182-184C-479A-92CB-F098D9DFBE89} = {50CB6059-7782-42A7-A0AB-F0CFF84ED2AE}
		{D988ADAA-593D-4ABE-B97A-47A5139A2E3D} = {50CB6059-7782-42A7-A0AB-F0CFF84ED2AE}
		{CF77C791-77F4-45AF-A291-3946448CDA67} = {70905945-E3CA-45D3-9F4D-DA4870D6444C}
		{68C2766F-6847-4A4F-86ED-ED8385EA3FF4} = {59D5A9FE-702C-4A55-A334-6A7172ED8944}
	EndGlobalSection
	GlobalSection(ExtensibilityGlobals) = postSolution
		SolutionGuid = {475D60DB-4A9F-478E-B00B-BE46935B8E7A}
	EndGlobalSection
EndGlobal
